// !$*UTF8*$!
{
	archiveVersion = 1;
	classes = {
	};
	objectVersion = 46;
	objects = {

/* Begin PBXBuildFile section */
		B623A323193E42F300C1BFCC /* AppDelegate.swift in Sources */ = {isa = PBXBuildFile; fileRef = B623A322193E42F300C1BFCC /* AppDelegate.swift */; };
		B623A325193E42F300C1BFCC /* ViewController.swift in Sources */ = {isa = PBXBuildFile; fileRef = B623A324193E42F300C1BFCC /* ViewController.swift */; };
		B623A328193E42F300C1BFCC /* Main.storyboard in Resources */ = {isa = PBXBuildFile; fileRef = B623A326193E42F300C1BFCC /* Main.storyboard */; };
		B623A32A193E42F300C1BFCC /* Images.xcassets in Resources */ = {isa = PBXBuildFile; fileRef = B623A329193E42F300C1BFCC /* Images.xcassets */; };
		B623A336193E42F300C1BFCC /* Buoy_SwiftTests.swift in Sources */ = {isa = PBXBuildFile; fileRef = B623A335193E42F300C1BFCC /* Buoy_SwiftTests.swift */; };
		B68E169B193EB9290083D1EA /* BUOYBeacon.swift in Sources */ = {isa = PBXBuildFile; fileRef = B68E1698193EB9290083D1EA /* BUOYBeacon.swift */; };
		B68E169C193EB9290083D1EA /* BUOYListener.swift in Sources */ = {isa = PBXBuildFile; fileRef = B68E1699193EB9290083D1EA /* BUOYListener.swift */; };
		B68E169D193EB9290083D1EA /* CLBeacon+BUOY.swift in Sources */ = {isa = PBXBuildFile; fileRef = B68E169A193EB9290083D1EA /* CLBeacon+BUOY.swift */; };
/* End PBXBuildFile section */

/* Begin PBXContainerItemProxy section */
		B623A330193E42F300C1BFCC /* PBXContainerItemProxy */ = {
			isa = PBXContainerItemProxy;
			containerPortal = B623A315193E42F300C1BFCC /* Project object */;
			proxyType = 1;
			remoteGlobalIDString = B623A31C193E42F300C1BFCC;
			remoteInfo = "Buoy-Swift";
		};
/* End PBXContainerItemProxy section */

/* Begin PBXFileReference section */
		B623A31D193E42F300C1BFCC /* Buoy-Swift.app */ = {isa = PBXFileReference; explicitFileType = wrapper.application; includeInIndex = 0; path = "Buoy-Swift.app"; sourceTree = BUILT_PRODUCTS_DIR; };
		B623A321193E42F300C1BFCC /* Info.plist */ = {isa = PBXFileReference; lastKnownFileType = text.plist.xml; path = Info.plist; sourceTree = "<group>"; };
		B623A322193E42F300C1BFCC /* AppDelegate.swift */ = {isa = PBXFileReference; lastKnownFileType = sourcecode.swift; path = AppDelegate.swift; sourceTree = "<group>"; };
		B623A324193E42F300C1BFCC /* ViewController.swift */ = {isa = PBXFileReference; lastKnownFileType = sourcecode.swift; path = ViewController.swift; sourceTree = "<group>"; };
		B623A327193E42F300C1BFCC /* Base */ = {isa = PBXFileReference; lastKnownFileType = file.storyboard; name = Base; path = Base.lproj/Main.storyboard; sourceTree = "<group>"; };
		B623A329193E42F300C1BFCC /* Images.xcassets */ = {isa = PBXFileReference; lastKnownFileType = folder.assetcatalog; path = Images.xcassets; sourceTree = "<group>"; };
		B623A32F193E42F300C1BFCC /* Buoy-SwiftTests.xctest */ = {isa = PBXFileReference; explicitFileType = wrapper.cfbundle; includeInIndex = 0; path = "Buoy-SwiftTests.xctest"; sourceTree = BUILT_PRODUCTS_DIR; };
		B623A334193E42F300C1BFCC /* Info.plist */ = {isa = PBXFileReference; lastKnownFileType = text.plist.xml; path = Info.plist; sourceTree = "<group>"; };
		B623A335193E42F300C1BFCC /* Buoy_SwiftTests.swift */ = {isa = PBXFileReference; lastKnownFileType = sourcecode.swift; path = Buoy_SwiftTests.swift; sourceTree = "<group>"; };
		B68E1698193EB9290083D1EA /* BUOYBeacon.swift */ = {isa = PBXFileReference; fileEncoding = 4; lastKnownFileType = sourcecode.swift; name = BUOYBeacon.swift; path = ../../../Buoy/Swift/BUOYBeacon.swift; sourceTree = "<group>"; };
		B68E1699193EB9290083D1EA /* BUOYListener.swift */ = {isa = PBXFileReference; fileEncoding = 4; lastKnownFileType = sourcecode.swift; name = BUOYListener.swift; path = ../../../Buoy/Swift/BUOYListener.swift; sourceTree = "<group>"; };
		B68E169A193EB9290083D1EA /* CLBeacon+BUOY.swift */ = {isa = PBXFileReference; fileEncoding = 4; lastKnownFileType = sourcecode.swift; name = "CLBeacon+BUOY.swift"; path = "../../../Buoy/Swift/CLBeacon+BUOY.swift"; sourceTree = "<group>"; };
/* End PBXFileReference section */

/* Begin PBXFrameworksBuildPhase section */
		B623A31A193E42F300C1BFCC /* Frameworks */ = {
			isa = PBXFrameworksBuildPhase;
			buildActionMask = 2147483647;
			files = (
			);
			runOnlyForDeploymentPostprocessing = 0;
		};
		B623A32C193E42F300C1BFCC /* Frameworks */ = {
			isa = PBXFrameworksBuildPhase;
			buildActionMask = 2147483647;
			files = (
			);
			runOnlyForDeploymentPostprocessing = 0;
		};
/* End PBXFrameworksBuildPhase section */

/* Begin PBXGroup section */
		B623A314193E42F300C1BFCC = {
			isa = PBXGroup;
			children = (
				B623A31F193E42F300C1BFCC /* Buoy-Swift */,
				B623A332193E42F300C1BFCC /* Buoy-SwiftTests */,
				B623A31E193E42F300C1BFCC /* Products */,
			);
			sourceTree = "<group>";
		};
		B623A31E193E42F300C1BFCC /* Products */ = {
			isa = PBXGroup;
			children = (
				B623A31D193E42F300C1BFCC /* Buoy-Swift.app */,
				B623A32F193E42F300C1BFCC /* Buoy-SwiftTests.xctest */,
			);
			name = Products;
			sourceTree = "<group>";
		};
		B623A31F193E42F300C1BFCC /* Buoy-Swift */ = {
			isa = PBXGroup;
			children = (
				B623A33F193E437C00C1BFCC /* BUOY */,
				B623A322193E42F300C1BFCC /* AppDelegate.swift */,
				B623A324193E42F300C1BFCC /* ViewController.swift */,
				B623A326193E42F300C1BFCC /* Main.storyboard */,
				B623A329193E42F300C1BFCC /* Images.xcassets */,
				B623A320193E42F300C1BFCC /* Supporting Files */,
			);
			path = "Buoy-Swift";
			sourceTree = "<group>";
		};
		B623A320193E42F300C1BFCC /* Supporting Files */ = {
			isa = PBXGroup;
			children = (
				B623A321193E42F300C1BFCC /* Info.plist */,
			);
			name = "Supporting Files";
			sourceTree = "<group>";
		};
		B623A332193E42F300C1BFCC /* Buoy-SwiftTests */ = {
			isa = PBXGroup;
			children = (
				B623A335193E42F300C1BFCC /* Buoy_SwiftTests.swift */,
				B623A333193E42F300C1BFCC /* Supporting Files */,
			);
			path = "Buoy-SwiftTests";
			sourceTree = "<group>";
		};
		B623A333193E42F300C1BFCC /* Supporting Files */ = {
			isa = PBXGroup;
			children = (
				B623A334193E42F300C1BFCC /* Info.plist */,
			);
			name = "Supporting Files";
			sourceTree = "<group>";
		};
		B623A33F193E437C00C1BFCC /* BUOY */ = {
			isa = PBXGroup;
			children = (
				B68E1698193EB9290083D1EA /* BUOYBeacon.swift */,
				B68E1699193EB9290083D1EA /* BUOYListener.swift */,
				B68E169A193EB9290083D1EA /* CLBeacon+BUOY.swift */,
			);
			name = BUOY;
			sourceTree = "<group>";
		};
/* End PBXGroup section */

/* Begin PBXNativeTarget section */
		B623A31C193E42F300C1BFCC /* Buoy-Swift */ = {
			isa = PBXNativeTarget;
			buildConfigurationList = B623A339193E42F300C1BFCC /* Build configuration list for PBXNativeTarget "Buoy-Swift" */;
			buildPhases = (
				B623A319193E42F300C1BFCC /* Sources */,
				B623A31A193E42F300C1BFCC /* Frameworks */,
				B623A31B193E42F300C1BFCC /* Resources */,
			);
			buildRules = (
			);
			dependencies = (
			);
			name = "Buoy-Swift";
			productName = "Buoy-Swift";
			productReference = B623A31D193E42F300C1BFCC /* Buoy-Swift.app */;
			productType = "com.apple.product-type.application";
		};
		B623A32E193E42F300C1BFCC /* Buoy-SwiftTests */ = {
			isa = PBXNativeTarget;
			buildConfigurationList = B623A33C193E42F300C1BFCC /* Build configuration list for PBXNativeTarget "Buoy-SwiftTests" */;
			buildPhases = (
				B623A32B193E42F300C1BFCC /* Sources */,
				B623A32C193E42F300C1BFCC /* Frameworks */,
				B623A32D193E42F300C1BFCC /* Resources */,
			);
			buildRules = (
			);
			dependencies = (
				B623A331193E42F300C1BFCC /* PBXTargetDependency */,
			);
			name = "Buoy-SwiftTests";
			productName = "Buoy-SwiftTests";
			productReference = B623A32F193E42F300C1BFCC /* Buoy-SwiftTests.xctest */;
			productType = "com.apple.product-type.bundle.unit-test";
		};
/* End PBXNativeTarget section */

/* Begin PBXProject section */
		B623A315193E42F300C1BFCC /* Project object */ = {
			isa = PBXProject;
			attributes = {
				LastUpgradeCheck = 0600;
				ORGANIZATIONNAME = intermarkinteractive;
				TargetAttributes = {
					B623A31C193E42F300C1BFCC = {
						CreatedOnToolsVersion = 6.0;
					};
					B623A32E193E42F300C1BFCC = {
						CreatedOnToolsVersion = 6.0;
						TestTargetID = B623A31C193E42F300C1BFCC;
					};
				};
			};
			buildConfigurationList = B623A318193E42F300C1BFCC /* Build configuration list for PBXProject "Buoy-Swift" */;
			compatibilityVersion = "Xcode 3.2";
			developmentRegion = English;
			hasScannedForEncodings = 0;
			knownRegions = (
				en,
				Base,
			);
			mainGroup = B623A314193E42F300C1BFCC;
			productRefGroup = B623A31E193E42F300C1BFCC /* Products */;
			projectDirPath = "";
			projectRoot = "";
			targets = (
				B623A31C193E42F300C1BFCC /* Buoy-Swift */,
				B623A32E193E42F300C1BFCC /* Buoy-SwiftTests */,
			);
		};
/* End PBXProject section */

/* Begin PBXResourcesBuildPhase section */
		B623A31B193E42F300C1BFCC /* Resources */ = {
			isa = PBXResourcesBuildPhase;
			buildActionMask = 2147483647;
			files = (
				B623A328193E42F300C1BFCC /* Main.storyboard in Resources */,
				B623A32A193E42F300C1BFCC /* Images.xcassets in Resources */,
			);
			runOnlyForDeploymentPostprocessing = 0;
		};
		B623A32D193E42F300C1BFCC /* Resources */ = {
			isa = PBXResourcesBuildPhase;
			buildActionMask = 2147483647;
			files = (
			);
			runOnlyForDeploymentPostprocessing = 0;
		};
/* End PBXResourcesBuildPhase section */

/* Begin PBXSourcesBuildPhase section */
		B623A319193E42F300C1BFCC /* Sources */ = {
			isa = PBXSourcesBuildPhase;
			buildActionMask = 2147483647;
			files = (
				B68E169B193EB9290083D1EA /* BUOYBeacon.swift in Sources */,
				B623A325193E42F300C1BFCC /* ViewController.swift in Sources */,
				B68E169C193EB9290083D1EA /* BUOYListener.swift in Sources */,
				B623A323193E42F300C1BFCC /* AppDelegate.swift in Sources */,
				B68E169D193EB9290083D1EA /* CLBeacon+BUOY.swift in Sources */,
			);
			runOnlyForDeploymentPostprocessing = 0;
		};
		B623A32B193E42F300C1BFCC /* Sources */ = {
			isa = PBXSourcesBuildPhase;
			buildActionMask = 2147483647;
			files = (
				B623A336193E42F300C1BFCC /* Buoy_SwiftTests.swift in Sources */,
			);
			runOnlyForDeploymentPostprocessing = 0;
		};
/* End PBXSourcesBuildPhase section */

/* Begin PBXTargetDependency section */
		B623A331193E42F300C1BFCC /* PBXTargetDependency */ = {
			isa = PBXTargetDependency;
			target = B623A31C193E42F300C1BFCC /* Buoy-Swift */;
			targetProxy = B623A330193E42F300C1BFCC /* PBXContainerItemProxy */;
		};
/* End PBXTargetDependency section */

/* Begin PBXVariantGroup section */
		B623A326193E42F300C1BFCC /* Main.storyboard */ = {
			isa = PBXVariantGroup;
			children = (
				B623A327193E42F300C1BFCC /* Base */,
			);
			name = Main.storyboard;
			sourceTree = "<group>";
		};
/* End PBXVariantGroup section */

/* Begin XCBuildConfiguration section */
		B623A337193E42F300C1BFCC /* Debug */ = {
			isa = XCBuildConfiguration;
			buildSettings = {
				ALWAYS_SEARCH_USER_PATHS = NO;
				CLANG_CXX_LANGUAGE_STANDARD = "gnu++0x";
				CLANG_CXX_LIBRARY = "libc++";
				CLANG_ENABLE_MODULES = YES;
				CLANG_ENABLE_OBJC_ARC = YES;
				CLANG_WARN_BOOL_CONVERSION = YES;
				CLANG_WARN_CONSTANT_CONVERSION = YES;
				CLANG_WARN_DIRECT_OBJC_ISA_USAGE = YES_ERROR;
				CLANG_WARN_EMPTY_BODY = YES;
				CLANG_WARN_ENUM_CONVERSION = YES;
				CLANG_WARN_INT_CONVERSION = YES;
				CLANG_WARN_OBJC_ROOT_CLASS = YES_ERROR;
				CLANG_WARN_UNREACHABLE_CODE = YES;
				CLANG_WARN__DUPLICATE_METHOD_MATCH = YES;
				"CODE_SIGN_IDENTITY[sdk=iphoneos*]" = "iPhone Developer";
				COPY_PHASE_STRIP = NO;
				ENABLE_STRICT_OBJC_MSGSEND = YES;
				GCC_C_LANGUAGE_STANDARD = gnu99;
				GCC_DYNAMIC_NO_PIC = NO;
				GCC_OPTIMIZATION_LEVEL = 0;
				GCC_PREPROCESSOR_DEFINITIONS = (
					"DEBUG=1",
					"$(inherited)",
				);
				GCC_SYMBOLS_PRIVATE_EXTERN = NO;
				GCC_WARN_64_TO_32_BIT_CONVERSION = YES;
				GCC_WARN_ABOUT_RETURN_TYPE = YES_ERROR;
				GCC_WARN_UNDECLARED_SELECTOR = YES;
				GCC_WARN_UNINITIALIZED_AUTOS = YES_AGGRESSIVE;
				GCC_WARN_UNUSED_FUNCTION = YES;
				GCC_WARN_UNUSED_VARIABLE = YES;
				IPHONEOS_DEPLOYMENT_TARGET = 8.0;
				METAL_ENABLE_DEBUG_INFO = YES;
				ONLY_ACTIVE_ARCH = YES;
				SDKROOT = iphoneos;
				SWIFT_OPTIMIZATION_LEVEL = "-Onone";
			};
			name = Debug;
		};
		B623A338193E42F300C1BFCC /* Release */ = {
			isa = XCBuildConfiguration;
			buildSettings = {
				ALWAYS_SEARCH_USER_PATHS = NO;
				CLANG_CXX_LANGUAGE_STANDARD = "gnu++0x";
				CLANG_CXX_LIBRARY = "libc++";
				CLANG_ENABLE_MODULES = YES;
				CLANG_ENABLE_OBJC_ARC = YES;
				CLANG_WARN_BOOL_CONVERSION = YES;
				CLANG_WARN_CONSTANT_CONVERSION = YES;
				CLANG_WARN_DIRECT_OBJC_ISA_USAGE = YES_ERROR;
				CLANG_WARN_EMPTY_BODY = YES;
				CLANG_WARN_ENUM_CONVERSION = YES;
				CLANG_WARN_INT_CONVERSION = YES;
				CLANG_WARN_OBJC_ROOT_CLASS = YES_ERROR;
				CLANG_WARN_UNREACHABLE_CODE = YES;
				CLANG_WARN__DUPLICATE_METHOD_MATCH = YES;
				"CODE_SIGN_IDENTITY[sdk=iphoneos*]" = "iPhone Developer";
				COPY_PHASE_STRIP = YES;
				ENABLE_NS_ASSERTIONS = NO;
				ENABLE_STRICT_OBJC_MSGSEND = YES;
				GCC_C_LANGUAGE_STANDARD = gnu99;
				GCC_WARN_64_TO_32_BIT_CONVERSION = YES;
				GCC_WARN_ABOUT_RETURN_TYPE = YES_ERROR;
				GCC_WARN_UNDECLARED_SELECTOR = YES;
				GCC_WARN_UNINITIALIZED_AUTOS = YES_AGGRESSIVE;
				GCC_WARN_UNUSED_FUNCTION = YES;
				GCC_WARN_UNUSED_VARIABLE = YES;
				IPHONEOS_DEPLOYMENT_TARGET = 8.0;
				METAL_ENABLE_DEBUG_INFO = NO;
				SDKROOT = iphoneos;
				VALIDATE_PRODUCT = YES;
			};
			name = Release;
		};
		B623A33A193E42F300C1BFCC /* Debug */ = {
			isa = XCBuildConfiguration;
			buildSettings = {
				ASSETCATALOG_COMPILER_APPICON_NAME = AppIcon;
				ASSETCATALOG_COMPILER_LAUNCHIMAGE_NAME = LaunchImage;
				INFOPLIST_FILE = "Buoy-Swift/Info.plist";
				LD_RUNPATH_SEARCH_PATHS = "$(inherited) @executable_path/Frameworks";
				PRODUCT_NAME = "$(TARGET_NAME)";
			};
			name = Debug;
		};
		B623A33B193E42F300C1BFCC /* Release */ = {
			isa = XCBuildConfiguration;
			buildSettings = {
				ASSETCATALOG_COMPILER_APPICON_NAME = AppIcon;
				ASSETCATALOG_COMPILER_LAUNCHIMAGE_NAME = LaunchImage;
				INFOPLIST_FILE = "Buoy-Swift/Info.plist";
				LD_RUNPATH_SEARCH_PATHS = "$(inherited) @executable_path/Frameworks";
				PRODUCT_NAME = "$(TARGET_NAME)";
			};
			name = Release;
		};
		B623A33D193E42F300C1BFCC /* Debug */ = {
			isa = XCBuildConfiguration;
			buildSettings = {
				BUNDLE_LOADER = "$(BUILT_PRODUCTS_DIR)/Buoy-Swift.app/Buoy-Swift";
				FRAMEWORK_SEARCH_PATHS = (
					"$(SDKROOT)/Developer/Library/Frameworks",
					"$(inherited)",
				);
				GCC_PREPROCESSOR_DEFINITIONS = (
					"DEBUG=1",
					"$(inherited)",
				);
				INFOPLIST_FILE = "Buoy-SwiftTests/Info.plist";
				LD_RUNPATH_SEARCH_PATHS = "$(inherited) @executable_path/Frameworks @loader_path/Frameworks";
				METAL_ENABLE_DEBUG_INFO = YES;
				PRODUCT_NAME = "$(TARGET_NAME)";
				TEST_HOST = "$(BUNDLE_LOADER)";
			};
			name = Debug;
		};
		B623A33E193E42F300C1BFCC /* Release */ = {
			isa = XCBuildConfiguration;
			buildSettings = {
				BUNDLE_LOADER = "$(BUILT_PRODUCTS_DIR)/Buoy-Swift.app/Buoy-Swift";
				FRAMEWORK_SEARCH_PATHS = (
					"$(SDKROOT)/Developer/Library/Frameworks",
					"$(inherited)",
				);
				INFOPLIST_FILE = "Buoy-SwiftTests/Info.plist";
				LD_RUNPATH_SEARCH_PATHS = "$(inherited) @executable_path/Frameworks @loader_path/Frameworks";
				METAL_ENABLE_DEBUG_INFO = NO;
				PRODUCT_NAME = "$(TARGET_NAME)";
				TEST_HOST = "$(BUNDLE_LOADER)";
			};
			name = Release;
		};
/* End XCBuildConfiguration section */

/* Begin XCConfigurationList section */
		B623A318193E42F300C1BFCC /* Build configuration list for PBXProject "Buoy-Swift" */ = {
			isa = XCConfigurationList;
			buildConfigurations = (
				B623A337193E42F300C1BFCC /* Debug */,
				B623A338193E42F300C1BFCC /* Release */,
			);
			defaultConfigurationIsVisible = 0;
			defaultConfigurationName = Release;
		};
		B623A339193E42F300C1BFCC /* Build configuration list for PBXNativeTarget "Buoy-Swift" */ = {
			isa = XCConfigurationList;
			buildConfigurations = (
				B623A33A193E42F300C1BFCC /* Debug */,
				B623A33B193E42F300C1BFCC /* Release */,
			);
			defaultConfigurationIsVisible = 0;
			defaultConfigurationName = Release;
		};
		B623A33C193E42F300C1BFCC /* Build configuration list for PBXNativeTarget "Buoy-SwiftTests" */ = {
			isa = XCConfigurationList;
			buildConfigurations = (
				B623A33D193E42F300C1BFCC /* Debug */,
				B623A33E193E42F300C1BFCC /* Release */,
			);
			defaultConfigurationIsVisible = 0;
			defaultConfigurationName = Release;
		};
/* End XCConfigurationList section */
	};
	rootObject = B623A315193E42F300C1BFCC /* Project object */;
}
