// !$*UTF8*$!
{
	archiveVersion = 1;
	classes = {
	};
	objectVersion = 46;
	objects = {

/* Begin PBXBuildFile section */
		B68E16A5193EB9660083D1EA /* BUOYBeacon.m in Sources */ = {isa = PBXBuildFile; fileRef = B68E16A0193EB9660083D1EA /* BUOYBeacon.m */; };
		B68E16A6193EB9660083D1EA /* BUOYListener.m in Sources */ = {isa = PBXBuildFile; fileRef = B68E16A2193EB9660083D1EA /* BUOYListener.m */; };
		B68E16A7193EB9660083D1EA /* CLBeacon+Buoy.m in Sources */ = {isa = PBXBuildFile; fileRef = B68E16A4193EB9660083D1EA /* CLBeacon+Buoy.m */; };
		B6C05061192FA34400B6F14F /* Foundation.framework in Frameworks */ = {isa = PBXBuildFile; fileRef = B6C05060192FA34400B6F14F /* Foundation.framework */; };
		B6C05063192FA34400B6F14F /* CoreGraphics.framework in Frameworks */ = {isa = PBXBuildFile; fileRef = B6C05062192FA34400B6F14F /* CoreGraphics.framework */; };
		B6C05065192FA34400B6F14F /* UIKit.framework in Frameworks */ = {isa = PBXBuildFile; fileRef = B6C05064192FA34400B6F14F /* UIKit.framework */; };
		B6C0506B192FA34400B6F14F /* InfoPlist.strings in Resources */ = {isa = PBXBuildFile; fileRef = B6C05069192FA34400B6F14F /* InfoPlist.strings */; };
		B6C0506D192FA34400B6F14F /* main.m in Sources */ = {isa = PBXBuildFile; fileRef = B6C0506C192FA34400B6F14F /* main.m */; };
		B6C05071192FA34400B6F14F /* BUOYAppDelegate.m in Sources */ = {isa = PBXBuildFile; fileRef = B6C05070192FA34400B6F14F /* BUOYAppDelegate.m */; };
		B6C05074192FA34400B6F14F /* Main.storyboard in Resources */ = {isa = PBXBuildFile; fileRef = B6C05072192FA34400B6F14F /* Main.storyboard */; };
		B6C05077192FA34400B6F14F /* BUOYViewController.m in Sources */ = {isa = PBXBuildFile; fileRef = B6C05076192FA34400B6F14F /* BUOYViewController.m */; };
		B6C05079192FA34400B6F14F /* Images.xcassets in Resources */ = {isa = PBXBuildFile; fileRef = B6C05078192FA34400B6F14F /* Images.xcassets */; };
		B6C05080192FA34400B6F14F /* XCTest.framework in Frameworks */ = {isa = PBXBuildFile; fileRef = B6C0507F192FA34400B6F14F /* XCTest.framework */; };
		B6C05081192FA34400B6F14F /* Foundation.framework in Frameworks */ = {isa = PBXBuildFile; fileRef = B6C05060192FA34400B6F14F /* Foundation.framework */; };
		B6C05082192FA34400B6F14F /* UIKit.framework in Frameworks */ = {isa = PBXBuildFile; fileRef = B6C05064192FA34400B6F14F /* UIKit.framework */; };
		B6C0508A192FA34400B6F14F /* InfoPlist.strings in Resources */ = {isa = PBXBuildFile; fileRef = B6C05088192FA34400B6F14F /* InfoPlist.strings */; };
		B6C0508C192FA34400B6F14F /* BuoyTests.m in Sources */ = {isa = PBXBuildFile; fileRef = B6C0508B192FA34400B6F14F /* BuoyTests.m */; };
		B6C0509A192FA59600B6F14F /* CoreLocation.framework in Frameworks */ = {isa = PBXBuildFile; fileRef = B6C05099192FA59600B6F14F /* CoreLocation.framework */; };
/* End PBXBuildFile section */

/* Begin PBXContainerItemProxy section */
		B6C05083192FA34400B6F14F /* PBXContainerItemProxy */ = {
			isa = PBXContainerItemProxy;
			containerPortal = B6C05055192FA34400B6F14F /* Project object */;
			proxyType = 1;
			remoteGlobalIDString = B6C0505C192FA34400B6F14F;
			remoteInfo = Buoy;
		};
/* End PBXContainerItemProxy section */

/* Begin PBXFileReference section */
		B68E169E193EB9660083D1EA /* BUOY.h */ = {isa = PBXFileReference; fileEncoding = 4; lastKnownFileType = sourcecode.c.h; name = BUOY.h; path = ../../../Buoy/ObjC/BUOY.h; sourceTree = "<group>"; };
		B68E169F193EB9660083D1EA /* BUOYBeacon.h */ = {isa = PBXFileReference; fileEncoding = 4; lastKnownFileType = sourcecode.c.h; name = BUOYBeacon.h; path = ../../../Buoy/ObjC/BUOYBeacon.h; sourceTree = "<group>"; };
		B68E16A0193EB9660083D1EA /* BUOYBeacon.m */ = {isa = PBXFileReference; fileEncoding = 4; lastKnownFileType = sourcecode.c.objc; name = BUOYBeacon.m; path = ../../../Buoy/ObjC/BUOYBeacon.m; sourceTree = "<group>"; };
		B68E16A1193EB9660083D1EA /* BUOYListener.h */ = {isa = PBXFileReference; fileEncoding = 4; lastKnownFileType = sourcecode.c.h; name = BUOYListener.h; path = ../../../Buoy/ObjC/BUOYListener.h; sourceTree = "<group>"; };
		B68E16A2193EB9660083D1EA /* BUOYListener.m */ = {isa = PBXFileReference; fileEncoding = 4; lastKnownFileType = sourcecode.c.objc; name = BUOYListener.m; path = ../../../Buoy/ObjC/BUOYListener.m; sourceTree = "<group>"; };
		B68E16A3193EB9660083D1EA /* CLBeacon+Buoy.h */ = {isa = PBXFileReference; fileEncoding = 4; lastKnownFileType = sourcecode.c.h; name = "CLBeacon+Buoy.h"; path = "../../../Buoy/ObjC/CLBeacon+Buoy.h"; sourceTree = "<group>"; };
		B68E16A4193EB9660083D1EA /* CLBeacon+Buoy.m */ = {isa = PBXFileReference; fileEncoding = 4; lastKnownFileType = sourcecode.c.objc; name = "CLBeacon+Buoy.m"; path = "../../../Buoy/ObjC/CLBeacon+Buoy.m"; sourceTree = "<group>"; };
		B6C0505D192FA34400B6F14F /* Buoy.app */ = {isa = PBXFileReference; explicitFileType = wrapper.application; includeInIndex = 0; path = Buoy.app; sourceTree = BUILT_PRODUCTS_DIR; };
		B6C05060192FA34400B6F14F /* Foundation.framework */ = {isa = PBXFileReference; lastKnownFileType = wrapper.framework; name = Foundation.framework; path = System/Library/Frameworks/Foundation.framework; sourceTree = SDKROOT; };
		B6C05062192FA34400B6F14F /* CoreGraphics.framework */ = {isa = PBXFileReference; lastKnownFileType = wrapper.framework; name = CoreGraphics.framework; path = System/Library/Frameworks/CoreGraphics.framework; sourceTree = SDKROOT; };
		B6C05064192FA34400B6F14F /* UIKit.framework */ = {isa = PBXFileReference; lastKnownFileType = wrapper.framework; name = UIKit.framework; path = System/Library/Frameworks/UIKit.framework; sourceTree = SDKROOT; };
		B6C05068192FA34400B6F14F /* Buoy-Info.plist */ = {isa = PBXFileReference; lastKnownFileType = text.plist.xml; path = "Buoy-Info.plist"; sourceTree = "<group>"; };
		B6C0506A192FA34400B6F14F /* en */ = {isa = PBXFileReference; lastKnownFileType = text.plist.strings; name = en; path = en.lproj/InfoPlist.strings; sourceTree = "<group>"; };
		B6C0506C192FA34400B6F14F /* main.m */ = {isa = PBXFileReference; lastKnownFileType = sourcecode.c.objc; path = main.m; sourceTree = "<group>"; };
		B6C0506E192FA34400B6F14F /* Buoy-Prefix.pch */ = {isa = PBXFileReference; lastKnownFileType = sourcecode.c.h; path = "Buoy-Prefix.pch"; sourceTree = "<group>"; };
		B6C0506F192FA34400B6F14F /* BUOYAppDelegate.h */ = {isa = PBXFileReference; lastKnownFileType = sourcecode.c.h; path = BUOYAppDelegate.h; sourceTree = "<group>"; };
		B6C05070192FA34400B6F14F /* BUOYAppDelegate.m */ = {isa = PBXFileReference; lastKnownFileType = sourcecode.c.objc; path = BUOYAppDelegate.m; sourceTree = "<group>"; };
		B6C05073192FA34400B6F14F /* Base */ = {isa = PBXFileReference; lastKnownFileType = file.storyboard; name = Base; path = Base.lproj/Main.storyboard; sourceTree = "<group>"; };
		B6C05075192FA34400B6F14F /* BUOYViewController.h */ = {isa = PBXFileReference; lastKnownFileType = sourcecode.c.h; path = BUOYViewController.h; sourceTree = "<group>"; };
		B6C05076192FA34400B6F14F /* BUOYViewController.m */ = {isa = PBXFileReference; lastKnownFileType = sourcecode.c.objc; path = BUOYViewController.m; sourceTree = "<group>"; };
		B6C05078192FA34400B6F14F /* Images.xcassets */ = {isa = PBXFileReference; lastKnownFileType = folder.assetcatalog; path = Images.xcassets; sourceTree = "<group>"; };
		B6C0507E192FA34400B6F14F /* BuoyTests.xctest */ = {isa = PBXFileReference; explicitFileType = wrapper.cfbundle; includeInIndex = 0; path = BuoyTests.xctest; sourceTree = BUILT_PRODUCTS_DIR; };
		B6C0507F192FA34400B6F14F /* XCTest.framework */ = {isa = PBXFileReference; lastKnownFileType = wrapper.framework; name = XCTest.framework; path = Library/Frameworks/XCTest.framework; sourceTree = DEVELOPER_DIR; };
		B6C05087192FA34400B6F14F /* BuoyTests-Info.plist */ = {isa = PBXFileReference; lastKnownFileType = text.plist.xml; path = "BuoyTests-Info.plist"; sourceTree = "<group>"; };
		B6C05089192FA34400B6F14F /* en */ = {isa = PBXFileReference; lastKnownFileType = text.plist.strings; name = en; path = en.lproj/InfoPlist.strings; sourceTree = "<group>"; };
		B6C0508B192FA34400B6F14F /* BuoyTests.m */ = {isa = PBXFileReference; lastKnownFileType = sourcecode.c.objc; path = BuoyTests.m; sourceTree = "<group>"; };
		B6C05099192FA59600B6F14F /* CoreLocation.framework */ = {isa = PBXFileReference; lastKnownFileType = wrapper.framework; name = CoreLocation.framework; path = System/Library/Frameworks/CoreLocation.framework; sourceTree = SDKROOT; };
/* End PBXFileReference section */

/* Begin PBXFrameworksBuildPhase section */
		B6C0505A192FA34400B6F14F /* Frameworks */ = {
			isa = PBXFrameworksBuildPhase;
			buildActionMask = 2147483647;
			files = (
				B6C0509A192FA59600B6F14F /* CoreLocation.framework in Frameworks */,
				B6C05063192FA34400B6F14F /* CoreGraphics.framework in Frameworks */,
				B6C05065192FA34400B6F14F /* UIKit.framework in Frameworks */,
				B6C05061192FA34400B6F14F /* Foundation.framework in Frameworks */,
			);
			runOnlyForDeploymentPostprocessing = 0;
		};
		B6C0507B192FA34400B6F14F /* Frameworks */ = {
			isa = PBXFrameworksBuildPhase;
			buildActionMask = 2147483647;
			files = (
				B6C05080192FA34400B6F14F /* XCTest.framework in Frameworks */,
				B6C05082192FA34400B6F14F /* UIKit.framework in Frameworks */,
				B6C05081192FA34400B6F14F /* Foundation.framework in Frameworks */,
			);
			runOnlyForDeploymentPostprocessing = 0;
		};
/* End PBXFrameworksBuildPhase section */

/* Begin PBXGroup section */
		B6C05054192FA34400B6F14F = {
			isa = PBXGroup;
			children = (
				B6C05066192FA34400B6F14F /* Buoy */,
				B6C05085192FA34400B6F14F /* BuoyTests */,
				B6C0505F192FA34400B6F14F /* Frameworks */,
				B6C0505E192FA34400B6F14F /* Products */,
			);
			sourceTree = "<group>";
		};
		B6C0505E192FA34400B6F14F /* Products */ = {
			isa = PBXGroup;
			children = (
				B6C0505D192FA34400B6F14F /* Buoy.app */,
				B6C0507E192FA34400B6F14F /* BuoyTests.xctest */,
			);
			name = Products;
			sourceTree = "<group>";
		};
		B6C0505F192FA34400B6F14F /* Frameworks */ = {
			isa = PBXGroup;
			children = (
				B6C05099192FA59600B6F14F /* CoreLocation.framework */,
				B6C05060192FA34400B6F14F /* Foundation.framework */,
				B6C05062192FA34400B6F14F /* CoreGraphics.framework */,
				B6C05064192FA34400B6F14F /* UIKit.framework */,
				B6C0507F192FA34400B6F14F /* XCTest.framework */,
			);
			name = Frameworks;
			sourceTree = "<group>";
		};
		B6C05066192FA34400B6F14F /* Buoy */ = {
			isa = PBXGroup;
			children = (
				B6C05095192FA34900B6F14F /* Buoy Classes */,
				B6C0506F192FA34400B6F14F /* BUOYAppDelegate.h */,
				B6C05070192FA34400B6F14F /* BUOYAppDelegate.m */,
				B6C05072192FA34400B6F14F /* Main.storyboard */,
				B6C05075192FA34400B6F14F /* BUOYViewController.h */,
				B6C05076192FA34400B6F14F /* BUOYViewController.m */,
				B6C05078192FA34400B6F14F /* Images.xcassets */,
				B6C05067192FA34400B6F14F /* Supporting Files */,
			);
			path = Buoy;
			sourceTree = "<group>";
		};
		B6C05067192FA34400B6F14F /* Supporting Files */ = {
			isa = PBXGroup;
			children = (
				B6C05068192FA34400B6F14F /* Buoy-Info.plist */,
				B6C05069192FA34400B6F14F /* InfoPlist.strings */,
				B6C0506C192FA34400B6F14F /* main.m */,
				B6C0506E192FA34400B6F14F /* Buoy-Prefix.pch */,
			);
			name = "Supporting Files";
			sourceTree = "<group>";
		};
		B6C05085192FA34400B6F14F /* BuoyTests */ = {
			isa = PBXGroup;
			children = (
				B6C0508B192FA34400B6F14F /* BuoyTests.m */,
				B6C05086192FA34400B6F14F /* Supporting Files */,
			);
			path = BuoyTests;
			sourceTree = "<group>";
		};
		B6C05086192FA34400B6F14F /* Supporting Files */ = {
			isa = PBXGroup;
			children = (
				B6C05087192FA34400B6F14F /* BuoyTests-Info.plist */,
				B6C05088192FA34400B6F14F /* InfoPlist.strings */,
			);
			name = "Supporting Files";
			sourceTree = "<group>";
		};
		B6C05095192FA34900B6F14F /* Buoy Classes */ = {
			isa = PBXGroup;
			children = (
				B68E169E193EB9660083D1EA /* BUOY.h */,
				B68E169F193EB9660083D1EA /* BUOYBeacon.h */,
				B68E16A0193EB9660083D1EA /* BUOYBeacon.m */,
				B68E16A1193EB9660083D1EA /* BUOYListener.h */,
				B68E16A2193EB9660083D1EA /* BUOYListener.m */,
				B68E16A3193EB9660083D1EA /* CLBeacon+Buoy.h */,
				B68E16A4193EB9660083D1EA /* CLBeacon+Buoy.m */,
			);
			name = "Buoy Classes";
			sourceTree = "<group>";
		};
/* End PBXGroup section */

/* Begin PBXNativeTarget section */
		B6C0505C192FA34400B6F14F /* Buoy */ = {
			isa = PBXNativeTarget;
			buildConfigurationList = B6C0508F192FA34400B6F14F /* Build configuration list for PBXNativeTarget "Buoy" */;
			buildPhases = (
				B6C05059192FA34400B6F14F /* Sources */,
				B6C0505A192FA34400B6F14F /* Frameworks */,
				B6C0505B192FA34400B6F14F /* Resources */,
			);
			buildRules = (
			);
			dependencies = (
			);
			name = Buoy;
			productName = Buoy;
			productReference = B6C0505D192FA34400B6F14F /* Buoy.app */;
			productType = "com.apple.product-type.application";
		};
		B6C0507D192FA34400B6F14F /* BuoyTests */ = {
			isa = PBXNativeTarget;
			buildConfigurationList = B6C05092192FA34400B6F14F /* Build configuration list for PBXNativeTarget "BuoyTests" */;
			buildPhases = (
				B6C0507A192FA34400B6F14F /* Sources */,
				B6C0507B192FA34400B6F14F /* Frameworks */,
				B6C0507C192FA34400B6F14F /* Resources */,
			);
			buildRules = (
			);
			dependencies = (
				B6C05084192FA34400B6F14F /* PBXTargetDependency */,
			);
			name = BuoyTests;
			productName = BuoyTests;
			productReference = B6C0507E192FA34400B6F14F /* BuoyTests.xctest */;
			productType = "com.apple.product-type.bundle.unit-test";
		};
/* End PBXNativeTarget section */

/* Begin PBXProject section */
		B6C05055192FA34400B6F14F /* Project object */ = {
			isa = PBXProject;
			attributes = {
				CLASSPREFIX = BUOY;
				LastUpgradeCheck = 0510;
				ORGANIZATIONNAME = intermark;
				TargetAttributes = {
					B6C0507D192FA34400B6F14F = {
						TestTargetID = B6C0505C192FA34400B6F14F;
					};
				};
			};
			buildConfigurationList = B6C05058192FA34400B6F14F /* Build configuration list for PBXProject "Buoy" */;
			compatibilityVersion = "Xcode 3.2";
			developmentRegion = English;
			hasScannedForEncodings = 0;
			knownRegions = (
				en,
				Base,
			);
			mainGroup = B6C05054192FA34400B6F14F;
			productRefGroup = B6C0505E192FA34400B6F14F /* Products */;
			projectDirPath = "";
			projectRoot = "";
			targets = (
				B6C0505C192FA34400B6F14F /* Buoy */,
				B6C0507D192FA34400B6F14F /* BuoyTests */,
			);
		};
/* End PBXProject section */

/* Begin PBXResourcesBuildPhase section */
		B6C0505B192FA34400B6F14F /* Resources */ = {
			isa = PBXResourcesBuildPhase;
			buildActionMask = 2147483647;
			files = (
				B6C05079192FA34400B6F14F /* Images.xcassets in Resources */,
				B6C0506B192FA34400B6F14F /* InfoPlist.strings in Resources */,
				B6C05074192FA34400B6F14F /* Main.storyboard in Resources */,
			);
			runOnlyForDeploymentPostprocessing = 0;
		};
		B6C0507C192FA34400B6F14F /* Resources */ = {
			isa = PBXResourcesBuildPhase;
			buildActionMask = 2147483647;
			files = (
				B6C0508A192FA34400B6F14F /* InfoPlist.strings in Resources */,
			);
			runOnlyForDeploymentPostprocessing = 0;
		};
/* End PBXResourcesBuildPhase section */

/* Begin PBXSourcesBuildPhase section */
		B6C05059192FA34400B6F14F /* Sources */ = {
			isa = PBXSourcesBuildPhase;
			buildActionMask = 2147483647;
			files = (
				B6C0506D192FA34400B6F14F /* main.m in Sources */,
				B6C05077192FA34400B6F14F /* BUOYViewController.m in Sources */,
				B68E16A5193EB9660083D1EA /* BUOYBeacon.m in Sources */,
				B6C05071192FA34400B6F14F /* BUOYAppDelegate.m in Sources */,
				B68E16A6193EB9660083D1EA /* BUOYListener.m in Sources */,
				B68E16A7193EB9660083D1EA /* CLBeacon+Buoy.m in Sources */,
			);
			runOnlyForDeploymentPostprocessing = 0;
		};
		B6C0507A192FA34400B6F14F /* Sources */ = {
			isa = PBXSourcesBuildPhase;
			buildActionMask = 2147483647;
			files = (
				B6C0508C192FA34400B6F14F /* BuoyTests.m in Sources */,
			);
			runOnlyForDeploymentPostprocessing = 0;
		};
/* End PBXSourcesBuildPhase section */

/* Begin PBXTargetDependency section */
		B6C05084192FA34400B6F14F /* PBXTargetDependency */ = {
			isa = PBXTargetDependency;
			target = B6C0505C192FA34400B6F14F /* Buoy */;
			targetProxy = B6C05083192FA34400B6F14F /* PBXContainerItemProxy */;
		};
/* End PBXTargetDependency section */

/* Begin PBXVariantGroup section */
		B6C05069192FA34400B6F14F /* InfoPlist.strings */ = {
			isa = PBXVariantGroup;
			children = (
				B6C0506A192FA34400B6F14F /* en */,
			);
			name = InfoPlist.strings;
			sourceTree = "<group>";
		};
		B6C05072192FA34400B6F14F /* Main.storyboard */ = {
			isa = PBXVariantGroup;
			children = (
				B6C05073192FA34400B6F14F /* Base */,
			);
			name = Main.storyboard;
			sourceTree = "<group>";
		};
		B6C05088192FA34400B6F14F /* InfoPlist.strings */ = {
			isa = PBXVariantGroup;
			children = (
				B6C05089192FA34400B6F14F /* en */,
			);
			name = InfoPlist.strings;
			sourceTree = "<group>";
		};
/* End PBXVariantGroup section */

/* Begin XCBuildConfiguration section */
		B6C0508D192FA34400B6F14F /* Debug */ = {
			isa = XCBuildConfiguration;
			buildSettings = {
				ALWAYS_SEARCH_USER_PATHS = NO;
				CLANG_CXX_LANGUAGE_STANDARD = "gnu++0x";
				CLANG_CXX_LIBRARY = "libc++";
				CLANG_ENABLE_MODULES = YES;
				CLANG_ENABLE_OBJC_ARC = YES;
				CLANG_WARN_BOOL_CONVERSION = YES;
				CLANG_WARN_CONSTANT_CONVERSION = YES;
				CLANG_WARN_DIRECT_OBJC_ISA_USAGE = YES_ERROR;
				CLANG_WARN_EMPTY_BODY = YES;
				CLANG_WARN_ENUM_CONVERSION = YES;
				CLANG_WARN_INT_CONVERSION = YES;
				CLANG_WARN_OBJC_ROOT_CLASS = YES_ERROR;
				CLANG_WARN__DUPLICATE_METHOD_MATCH = YES;
				"CODE_SIGN_IDENTITY[sdk=iphoneos*]" = "iPhone Developer";
				COPY_PHASE_STRIP = NO;
				GCC_C_LANGUAGE_STANDARD = gnu99;
				GCC_DYNAMIC_NO_PIC = NO;
				GCC_OPTIMIZATION_LEVEL = 0;
				GCC_PREPROCESSOR_DEFINITIONS = (
					"DEBUG=1",
					"$(inherited)",
				);
				GCC_SYMBOLS_PRIVATE_EXTERN = NO;
				GCC_WARN_64_TO_32_BIT_CONVERSION = YES;
				GCC_WARN_ABOUT_RETURN_TYPE = YES_ERROR;
				GCC_WARN_UNDECLARED_SELECTOR = YES;
				GCC_WARN_UNINITIALIZED_AUTOS = YES_AGGRESSIVE;
				GCC_WARN_UNUSED_FUNCTION = YES;
				GCC_WARN_UNUSED_VARIABLE = YES;
				IPHONEOS_DEPLOYMENT_TARGET = 7.1;
				ONLY_ACTIVE_ARCH = YES;
				SDKROOT = iphoneos;
			};
			name = Debug;
		};
		B6C0508E192FA34400B6F14F /* Release */ = {
			isa = XCBuildConfiguration;
			buildSettings = {
				ALWAYS_SEARCH_USER_PATHS = NO;
				CLANG_CXX_LANGUAGE_STANDARD = "gnu++0x";
				CLANG_CXX_LIBRARY = "libc++";
				CLANG_ENABLE_MODULES = YES;
				CLANG_ENABLE_OBJC_ARC = YES;
				CLANG_WARN_BOOL_CONVERSION = YES;
				CLANG_WARN_CONSTANT_CONVERSION = YES;
				CLANG_WARN_DIRECT_OBJC_ISA_USAGE = YES_ERROR;
				CLANG_WARN_EMPTY_BODY = YES;
				CLANG_WARN_ENUM_CONVERSION = YES;
				CLANG_WARN_INT_CONVERSION = YES;
				CLANG_WARN_OBJC_ROOT_CLASS = YES_ERROR;
				CLANG_WARN__DUPLICATE_METHOD_MATCH = YES;
				"CODE_SIGN_IDENTITY[sdk=iphoneos*]" = "iPhone Developer";
				COPY_PHASE_STRIP = YES;
				ENABLE_NS_ASSERTIONS = NO;
				GCC_C_LANGUAGE_STANDARD = gnu99;
				GCC_WARN_64_TO_32_BIT_CONVERSION = YES;
				GCC_WARN_ABOUT_RETURN_TYPE = YES_ERROR;
				GCC_WARN_UNDECLARED_SELECTOR = YES;
				GCC_WARN_UNINITIALIZED_AUTOS = YES_AGGRESSIVE;
				GCC_WARN_UNUSED_FUNCTION = YES;
				GCC_WARN_UNUSED_VARIABLE = YES;
				IPHONEOS_DEPLOYMENT_TARGET = 7.1;
				SDKROOT = iphoneos;
				VALIDATE_PRODUCT = YES;
			};
			name = Release;
		};
		B6C05090192FA34400B6F14F /* Debug */ = {
			isa = XCBuildConfiguration;
			buildSettings = {
				ASSETCATALOG_COMPILER_APPICON_NAME = AppIcon;
				ASSETCATALOG_COMPILER_LAUNCHIMAGE_NAME = LaunchImage;
				GCC_PRECOMPILE_PREFIX_HEADER = YES;
				GCC_PREFIX_HEADER = "Buoy/Buoy-Prefix.pch";
				INFOPLIST_FILE = "Buoy/Buoy-Info.plist";
				PRODUCT_NAME = "$(TARGET_NAME)";
				WRAPPER_EXTENSION = app;
			};
			name = Debug;
		};
		B6C05091192FA34400B6F14F /* Release */ = {
			isa = XCBuildConfiguration;
			buildSettings = {
				ASSETCATALOG_COMPILER_APPICON_NAME = AppIcon;
				ASSETCATALOG_COMPILER_LAUNCHIMAGE_NAME = LaunchImage;
				GCC_PRECOMPILE_PREFIX_HEADER = YES;
				GCC_PREFIX_HEADER = "Buoy/Buoy-Prefix.pch";
				INFOPLIST_FILE = "Buoy/Buoy-Info.plist";
				PRODUCT_NAME = "$(TARGET_NAME)";
				WRAPPER_EXTENSION = app;
			};
			name = Release;
		};
		B6C05093192FA34400B6F14F /* Debug */ = {
			isa = XCBuildConfiguration;
			buildSettings = {
				BUNDLE_LOADER = "$(BUILT_PRODUCTS_DIR)/Buoy.app/Buoy";
				FRAMEWORK_SEARCH_PATHS = (
					"$(SDKROOT)/Developer/Library/Frameworks",
					"$(inherited)",
					"$(DEVELOPER_FRAMEWORKS_DIR)",
				);
				GCC_PRECOMPILE_PREFIX_HEADER = YES;
				GCC_PREFIX_HEADER = "Buoy/Buoy-Prefix.pch";
				GCC_PREPROCESSOR_DEFINITIONS = (
					"DEBUG=1",
					"$(inherited)",
				);
				INFOPLIST_FILE = "BuoyTests/BuoyTests-Info.plist";
				PRODUCT_NAME = "$(TARGET_NAME)";
				TEST_HOST = "$(BUNDLE_LOADER)";
				WRAPPER_EXTENSION = xctest;
			};
			name = Debug;
		};
		B6C05094192FA34400B6F14F /* Release */ = {
			isa = XCBuildConfiguration;
			buildSettings = {
				BUNDLE_LOADER = "$(BUILT_PRODUCTS_DIR)/Buoy.app/Buoy";
				FRAMEWORK_SEARCH_PATHS = (
					"$(SDKROOT)/Developer/Library/Frameworks",
					"$(inherited)",
					"$(DEVELOPER_FRAMEWORKS_DIR)",
				);
				GCC_PRECOMPILE_PREFIX_HEADER = YES;
				GCC_PREFIX_HEADER = "Buoy/Buoy-Prefix.pch";
				INFOPLIST_FILE = "BuoyTests/BuoyTests-Info.plist";
				PRODUCT_NAME = "$(TARGET_NAME)";
				TEST_HOST = "$(BUNDLE_LOADER)";
				WRAPPER_EXTENSION = xctest;
			};
			name = Release;
		};
/* End XCBuildConfiguration section */

/* Begin XCConfigurationList section */
		B6C05058192FA34400B6F14F /* Build configuration list for PBXProject "Buoy" */ = {
			isa = XCConfigurationList;
			buildConfigurations = (
				B6C0508D192FA34400B6F14F /* Debug */,
				B6C0508E192FA34400B6F14F /* Release */,
			);
			defaultConfigurationIsVisible = 0;
			defaultConfigurationName = Release;
		};
		B6C0508F192FA34400B6F14F /* Build configuration list for PBXNativeTarget "Buoy" */ = {
			isa = XCConfigurationList;
			buildConfigurations = (
				B6C05090192FA34400B6F14F /* Debug */,
				B6C05091192FA34400B6F14F /* Release */,
			);
			defaultConfigurationIsVisible = 0;
			defaultConfigurationName = Release;
		};
		B6C05092192FA34400B6F14F /* Build configuration list for PBXNativeTarget "BuoyTests" */ = {
			isa = XCConfigurationList;
			buildConfigurations = (
				B6C05093192FA34400B6F14F /* Debug */,
				B6C05094192FA34400B6F14F /* Release */,
			);
			defaultConfigurationIsVisible = 0;
			defaultConfigurationName = Release;
		};
/* End XCConfigurationList section */
	};
	rootObject = B6C05055192FA34400B6F14F /* Project object */;
}
